{
  "version": 4,
  "terraform_version": "0.13.5",
  "serial": 34,
  "lineage": "e2034140-a657-b0f4-197a-53ce44d3c043",
  "outputs": {},
  "resources": [
    {
      "mode": "managed",
      "type": "aws_internet_gateway",
      "name": "Project-IntGW",
      "provider": "provider[\"registry.terraform.io/hashicorp/aws\"]",
      "instances": [
        {
          "schema_version": 0,
          "attributes": {
            "arn": "arn:aws:ec2:ap-southeast-1:324755211401:internet-gateway/igw-023cd7d713dea2f43",
            "id": "igw-023cd7d713dea2f43",
            "owner_id": "324755211401",
            "tags": {
              "Name": "Project-IntGW"
            },
            "tags_all": {
              "Name": "Project-IntGW"
            },
            "vpc_id": "vpc-0835b3ae54d62930b"
          },
          "private": "bnVsbA==",
          "dependencies": [
            "aws_vpc.Project-VPC"
          ]
        }
      ]
    },
    {
      "mode": "managed",
      "type": "aws_route_table",
      "name": "Project_RouteTable",
      "provider": "provider[\"registry.terraform.io/hashicorp/aws\"]",
      "instances": [
        {
          "schema_version": 0,
          "attributes": {
            "arn": "arn:aws:ec2:ap-southeast-1:324755211401:route-table/rtb-0bce8a35253353d88",
            "id": "rtb-0bce8a35253353d88",
            "owner_id": "324755211401",
            "propagating_vgws": [],
            "route": [
              {
                "carrier_gateway_id": "",
                "cidr_block": "0.0.0.0/0",
                "destination_prefix_list_id": "",
                "egress_only_gateway_id": "",
                "gateway_id": "igw-023cd7d713dea2f43",
                "instance_id": "",
                "ipv6_cidr_block": "",
                "local_gateway_id": "",
                "nat_gateway_id": "",
                "network_interface_id": "",
                "transit_gateway_id": "",
                "vpc_endpoint_id": "",
                "vpc_peering_connection_id": ""
              }
            ],
            "tags": {
              "Name": "Project_RouteTable"
            },
            "tags_all": {
              "Name": "Project_RouteTable"
            },
            "vpc_id": "vpc-0835b3ae54d62930b"
          },
          "private": "bnVsbA==",
          "dependencies": [
            "aws_internet_gateway.Project-IntGW",
            "aws_vpc.Project-VPC"
          ]
        }
      ]
    },
    {
      "mode": "managed",
      "type": "aws_route_table_association",
      "name": "Project_Associate",
      "provider": "provider[\"registry.terraform.io/hashicorp/aws\"]",
      "instances": [
        {
          "schema_version": 0,
          "attributes": {
            "gateway_id": "",
            "id": "rtbassoc-0ad5106d7a5fd97d7",
            "route_table_id": "rtb-0bce8a35253353d88",
            "subnet_id": "subnet-0df79be072a24738f"
          },
          "private": "bnVsbA==",
          "dependencies": [
            "aws_internet_gateway.Project-IntGW",
            "aws_route_table.Project_RouteTable",
            "aws_subnet.Project-Subnet1",
            "aws_vpc.Project-VPC"
          ]
        }
      ]
    },
    {
      "mode": "managed",
      "type": "aws_security_group",
      "name": "Project_Sec_Group",
      "provider": "provider[\"registry.terraform.io/hashicorp/aws\"]",
      "instances": [
        {
          "schema_version": 1,
          "attributes": {
            "arn": "arn:aws:ec2:ap-southeast-1:324755211401:security-group/sg-0c45a7fa3657fe76b",
            "description": "To allow inbound and outbound traffic to my project",
            "egress": [
              {
                "cidr_blocks": [
                  "0.0.0.0/0"
                ],
                "description": "",
                "from_port": 0,
                "ipv6_cidr_blocks": [],
                "prefix_list_ids": [],
                "protocol": "-1",
                "security_groups": [],
                "self": false,
                "to_port": 0
              }
            ],
            "id": "sg-0c45a7fa3657fe76b",
            "ingress": [
              {
                "cidr_blocks": [
                  "0.0.0.0/0"
                ],
                "description": "",
                "from_port": 22,
                "ipv6_cidr_blocks": [],
                "prefix_list_ids": [],
                "protocol": "tcp",
                "security_groups": [],
                "self": false,
                "to_port": 22
              },
              {
                "cidr_blocks": [
                  "0.0.0.0/0"
                ],
                "description": "",
                "from_port": 443,
                "ipv6_cidr_blocks": [],
                "prefix_list_ids": [],
                "protocol": "tcp",
                "security_groups": [],
                "self": false,
                "to_port": 443
              },
              {
                "cidr_blocks": [
                  "0.0.0.0/0"
                ],
                "description": "",
                "from_port": 8080,
                "ipv6_cidr_blocks": [],
                "prefix_list_ids": [],
                "protocol": "tcp",
                "security_groups": [],
                "self": false,
                "to_port": 8080
              },
              {
                "cidr_blocks": [
                  "0.0.0.0/0"
                ],
                "description": "",
                "from_port": 8081,
                "ipv6_cidr_blocks": [],
                "prefix_list_ids": [],
                "protocol": "tcp",
                "security_groups": [],
                "self": false,
                "to_port": 8081
              },
              {
                "cidr_blocks": [
                  "0.0.0.0/0"
                ],
                "description": "",
                "from_port": 80,
                "ipv6_cidr_blocks": [],
                "prefix_list_ids": [],
                "protocol": "tcp",
                "security_groups": [],
                "self": false,
                "to_port": 80
              }
            ],
            "name": "My Project Security Group",
            "name_prefix": "",
            "owner_id": "324755211401",
            "revoke_rules_on_delete": false,
            "tags": {
              "Name": "allow traffic"
            },
            "tags_all": {
              "Name": "allow traffic"
            },
            "timeouts": null,
            "vpc_id": "vpc-0835b3ae54d62930b"
          },
          "private": "eyJlMmJmYjczMC1lY2FhLTExZTYtOGY4OC0zNDM2M2JjN2M0YzAiOnsiY3JlYXRlIjo2MDAwMDAwMDAwMDAsImRlbGV0ZSI6OTAwMDAwMDAwMDAwfSwic2NoZW1hX3ZlcnNpb24iOiIxIn0=",
          "dependencies": [
            "aws_vpc.Project-VPC"
          ]
        }
      ]
    },
    {
      "mode": "managed",
      "type": "aws_subnet",
      "name": "Project-Subnet1",
      "provider": "provider[\"registry.terraform.io/hashicorp/aws\"]",
      "instances": [
        {
          "schema_version": 1,
          "attributes": {
            "arn": "arn:aws:ec2:ap-southeast-1:324755211401:subnet/subnet-0df79be072a24738f",
            "assign_ipv6_address_on_creation": false,
            "availability_zone": "ap-southeast-1c",
            "availability_zone_id": "apse1-az3",
            "cidr_block": "172.20.10.0/24",
            "customer_owned_ipv4_pool": "",
            "id": "subnet-0df79be072a24738f",
            "ipv6_cidr_block": "",
            "ipv6_cidr_block_association_id": "",
            "map_customer_owned_ip_on_launch": false,
            "map_public_ip_on_launch": false,
            "outpost_arn": "",
            "owner_id": "324755211401",
            "tags": {
              "Name": "Project-Subnet1"
            },
            "tags_all": {
              "Name": "Project-Subnet1"
            },
            "timeouts": null,
            "vpc_id": "vpc-0835b3ae54d62930b"
          },
          "private": "eyJlMmJmYjczMC1lY2FhLTExZTYtOGY4OC0zNDM2M2JjN2M0YzAiOnsiY3JlYXRlIjo2MDAwMDAwMDAwMDAsImRlbGV0ZSI6MTIwMDAwMDAwMDAwMH0sInNjaGVtYV92ZXJzaW9uIjoiMSJ9",
          "dependencies": [
            "aws_vpc.Project-VPC"
          ]
        }
      ]
    },
    {
      "mode": "managed",
      "type": "aws_vpc",
      "name": "Project-VPC",
      "provider": "provider[\"registry.terraform.io/hashicorp/aws\"]",
      "instances": [
        {
          "schema_version": 1,
          "attributes": {
            "arn": "arn:aws:ec2:ap-southeast-1:324755211401:vpc/vpc-0835b3ae54d62930b",
            "assign_generated_ipv6_cidr_block": false,
            "cidr_block": "172.20.0.0/16",
            "default_network_acl_id": "acl-00ef5ada5b94f2170",
            "default_route_table_id": "rtb-011315a634f1b516b",
            "default_security_group_id": "sg-00478303904761531",
            "dhcp_options_id": "dopt-c9da3baf",
            "enable_classiclink": false,
            "enable_classiclink_dns_support": false,
            "enable_dns_hostnames": false,
            "enable_dns_support": true,
            "id": "vpc-0835b3ae54d62930b",
            "instance_tenancy": "default",
            "ipv6_association_id": "",
            "ipv6_cidr_block": "",
            "main_route_table_id": "rtb-011315a634f1b516b",
            "owner_id": "324755211401",
            "tags": {
              "Name": "Project-VPC"
            },
            "tags_all": {
              "Name": "Project-VPC"
            }
          },
          "private": "eyJzY2hlbWFfdmVyc2lvbiI6IjEifQ=="
        }
      ]
    }
  ]
}
