{
  "version": 4,
  "terraform_version": "0.13.5",
  "serial": 11,
  "lineage": "e2034140-a657-b0f4-197a-53ce44d3c043",
  "outputs": {},
  "resources": [
    {
      "mode": "managed",
      "type": "aws_internet_gateway",
      "name": "Project-IntGW",
      "provider": "provider[\"registry.terraform.io/hashicorp/aws\"]",
      "instances": [
        {
          "schema_version": 0,
          "attributes": {
            "arn": "arn:aws:ec2:ap-southeast-1:324755211401:internet-gateway/igw-0461ebcd3eb7d4409",
            "id": "igw-0461ebcd3eb7d4409",
            "owner_id": "324755211401",
            "tags": {
              "Name": "Project-IntGW"
            },
            "tags_all": {
              "Name": "Project-IntGW"
            },
            "vpc_id": "vpc-030296c57cc0c06b3"
          },
          "private": "bnVsbA==",
          "dependencies": [
            "aws_vpc.Project-VPC"
          ]
        }
      ]
    },
    {
      "mode": "managed",
      "type": "aws_subnet",
      "name": "Project-Subnet1",
      "provider": "provider[\"registry.terraform.io/hashicorp/aws\"]",
      "instances": [
        {
          "schema_version": 1,
          "attributes": {
            "arn": "arn:aws:ec2:ap-southeast-1:324755211401:subnet/subnet-092ed6751ef21dda6",
            "assign_ipv6_address_on_creation": false,
            "availability_zone": "ap-southeast-1b",
            "availability_zone_id": "apse1-az1",
            "cidr_block": "172.20.10.0/24",
            "customer_owned_ipv4_pool": "",
            "id": "subnet-092ed6751ef21dda6",
            "ipv6_cidr_block": "",
            "ipv6_cidr_block_association_id": "",
            "map_customer_owned_ip_on_launch": false,
            "map_public_ip_on_launch": false,
            "outpost_arn": "",
            "owner_id": "324755211401",
            "tags": {
              "Name": "Project-Subnet1"
            },
            "tags_all": {
              "Name": "Project-Subnet1"
            },
            "timeouts": null,
            "vpc_id": "vpc-030296c57cc0c06b3"
          },
          "private": "eyJlMmJmYjczMC1lY2FhLTExZTYtOGY4OC0zNDM2M2JjN2M0YzAiOnsiY3JlYXRlIjo2MDAwMDAwMDAwMDAsImRlbGV0ZSI6MTIwMDAwMDAwMDAwMH0sInNjaGVtYV92ZXJzaW9uIjoiMSJ9",
          "dependencies": [
            "aws_vpc.Project-VPC"
          ]
        }
      ]
    },
    {
      "mode": "managed",
      "type": "aws_vpc",
      "name": "Project-VPC",
      "provider": "provider[\"registry.terraform.io/hashicorp/aws\"]",
      "instances": [
        {
          "schema_version": 1,
          "attributes": {
            "arn": "arn:aws:ec2:ap-southeast-1:324755211401:vpc/vpc-030296c57cc0c06b3",
            "assign_generated_ipv6_cidr_block": false,
            "cidr_block": "172.20.0.0/16",
            "default_network_acl_id": "acl-06c1500870ddbacb2",
            "default_route_table_id": "rtb-03493fa5505fa027a",
            "default_security_group_id": "sg-08c34a73bafe89c51",
            "dhcp_options_id": "dopt-c9da3baf",
            "enable_classiclink": false,
            "enable_classiclink_dns_support": false,
            "enable_dns_hostnames": false,
            "enable_dns_support": true,
            "id": "vpc-030296c57cc0c06b3",
            "instance_tenancy": "default",
            "ipv6_association_id": "",
            "ipv6_cidr_block": "",
            "main_route_table_id": "rtb-03493fa5505fa027a",
            "owner_id": "324755211401",
            "tags": {
              "Name": "Project-VPC"
            },
            "tags_all": {
              "Name": "Project-VPC"
            }
          },
          "private": "eyJzY2hlbWFfdmVyc2lvbiI6IjEifQ=="
        }
      ]
    }
  ]
}
